
Microsoft Visual Studio Solution File, Format Version 12.00
# Visual Studio Version 17
VisualStudioVersion = 17.1.32328.378
MinimumVisualStudioVersion = 10.0.40219.1
Project("{FAE04EC0-301F-11D3-BF4B-00C04F79EFBC}") = "CommandLineApi", "CommandLineApi.csproj", "{4CEAB3EA-ED1A-480D-B3FB-5561F44F2E2D}"
EndProject
Project("{FAE04EC0-301F-11D3-BF4B-00C04F79EFBC}") = "CommandLineApi.Core", "..\CommandLineApi.Core\CommandLineApi.Core.csproj", "{AB321BED-025D-456B-85EB-41BEEE879D44}"
EndProject
Project("{FAE04EC0-301F-11D3-BF4B-00C04F79EFBC}") = "CommandLineApi.Infrastructure", "..\CommandLineApi.Infrastructure\CommandLineApi.Infrastructure.csproj", "{DE644567-83E8-4946-B71A-FD478A2E76EC}"
EndProject
Global
	GlobalSection(SolutionConfigurationPlatforms) = preSolution
		Debug|Any CPU = Debug|Any CPU
		Release|Any CPU = Release|Any CPU
	EndGlobalSection
	GlobalSection(ProjectConfigurationPlatforms) = postSolution
		{4CEAB3EA-ED1A-480D-B3FB-5561F44F2E2D}.Debug|Any CPU.ActiveCfg = Debug|Any CPU
		{4CEAB3EA-ED1A-480D-B3FB-5561F44F2E2D}.Debug|Any CPU.Build.0 = Debug|Any CPU
		{4CEAB3EA-ED1A-480D-B3FB-5561F44F2E2D}.Release|Any CPU.ActiveCfg = Release|Any CPU
		{4CEAB3EA-ED1A-480D-B3FB-5561F44F2E2D}.Release|Any CPU.Build.0 = Release|Any CPU
		{AB321BED-025D-456B-85EB-41BEEE879D44}.Debug|Any CPU.ActiveCfg = Debug|Any CPU
		{AB321BED-025D-456B-85EB-41BEEE879D44}.Debug|Any CPU.Build.0 = Debug|Any CPU
		{AB321BED-025D-456B-85EB-41BEEE879D44}.Release|Any CPU.ActiveCfg = Release|Any CPU
		{AB321BED-025D-456B-85EB-41BEEE879D44}.Release|Any CPU.Build.0 = Release|Any CPU
		{DE644567-83E8-4946-B71A-FD478A2E76EC}.Debug|Any CPU.ActiveCfg = Debug|Any CPU
		{DE644567-83E8-4946-B71A-FD478A2E76EC}.Debug|Any CPU.Build.0 = Debug|Any CPU
		{DE644567-83E8-4946-B71A-FD478A2E76EC}.Release|Any CPU.ActiveCfg = Release|Any CPU
		{DE644567-83E8-4946-B71A-FD478A2E76EC}.Release|Any CPU.Build.0 = Release|Any CPU
	EndGlobalSection
	GlobalSection(SolutionProperties) = preSolution
		HideSolutionNode = FALSE
	EndGlobalSection
	GlobalSection(ExtensibilityGlobals) = postSolution
		SolutionGuid = {BB3B6AEA-2D77-4163-81B5-F0A85B91D560}
	EndGlobalSection
EndGlobal
